
Microsoft Visual Studio Solution File, Format Version 12.00
# Visual Studio Version 17
VisualStudioVersion = 17.5.33424.131
MinimumVisualStudioVersion = 10.0.40219.1
Project("{FAE04EC0-301F-11D3-BF4B-00C04F79EFBC}") = "School Manager", "School Manager\School Manager.csproj", "{72B4DDEF-9A94-43AC-A137-4EA1727C2BD8}"
EndProject
Project("{FAE04EC0-301F-11D3-BF4B-00C04F79EFBC}") = "Schoolodels", "Schoolodels\Schoolodels.csproj", "{CA9BAC4C-80E1-402C-8E75-BB6A293ED272}"
EndProject
Project("{FAE04EC0-301F-11D3-BF4B-00C04F79EFBC}") = "School.API", "School.API\School.API.csproj", "{8B586CA9-39C9-45E7-9AF0-24B9E9021D8D}"
EndProject
Global
	GlobalSection(SolutionConfigurationPlatforms) = preSolution
		Debug|Any CPU = Debug|Any CPU
		Release|Any CPU = Release|Any CPU
	EndGlobalSection
	GlobalSection(ProjectConfigurationPlatforms) = postSolution
		{72B4DDEF-9A94-43AC-A137-4EA1727C2BD8}.Debug|Any CPU.ActiveCfg = Debug|Any CPU
		{72B4DDEF-9A94-43AC-A137-4EA1727C2BD8}.Debug|Any CPU.Build.0 = Debug|Any CPU
		{72B4DDEF-9A94-43AC-A137-4EA1727C2BD8}.Release|Any CPU.ActiveCfg = Release|Any CPU
		{72B4DDEF-9A94-43AC-A137-4EA1727C2BD8}.Release|Any CPU.Build.0 = Release|Any CPU
		{CA9BAC4C-80E1-402C-8E75-BB6A293ED272}.Debug|Any CPU.ActiveCfg = Debug|Any CPU
		{CA9BAC4C-80E1-402C-8E75-BB6A293ED272}.Debug|Any CPU.Build.0 = Debug|Any CPU
		{CA9BAC4C-80E1-402C-8E75-BB6A293ED272}.Release|Any CPU.ActiveCfg = Release|Any CPU
		{CA9BAC4C-80E1-402C-8E75-BB6A293ED272}.Release|Any CPU.Build.0 = Release|Any CPU
		{8B586CA9-39C9-45E7-9AF0-24B9E9021D8D}.Debug|Any CPU.ActiveCfg = Debug|Any CPU
		{8B586CA9-39C9-45E7-9AF0-24B9E9021D8D}.Debug|Any CPU.Build.0 = Debug|Any CPU
		{8B586CA9-39C9-45E7-9AF0-24B9E9021D8D}.Release|Any CPU.ActiveCfg = Release|Any CPU
		{8B586CA9-39C9-45E7-9AF0-24B9E9021D8D}.Release|Any CPU.Build.0 = Release|Any CPU
	EndGlobalSection
	GlobalSection(SolutionProperties) = preSolution
		HideSolutionNode = FALSE
	EndGlobalSection
	GlobalSection(ExtensibilityGlobals) = postSolution
		SolutionGuid = {63308CE2-F33D-4EE0-9C13-94D7E66A7889}
	EndGlobalSection
EndGlobal
